{
  "name": "ws-user",
  "version": "1.0.0-beta.7",
  "lockfileVersion": 3,
  "requires": true,
  "packages": {
    "": {
      "name": "ws-user",
      "version": "1.0.0-beta.7",
      "license": "MIT",
      "dependencies": {
        "config-sets": "^3.0.0-beta.11",
        "data-context": "^2.0.0-beta.19",
        "nodemailer": "^6.10.1",
        "ws13": "^1.0.8"
      },
      "funding": {
        "url": "https://manuel-lohmus.github.io/ws-user/README.html#license"
      }
    },
    "node_modules/config-sets": {
      "version": "3.0.0-beta.11",
      "resolved": "https://registry.npmjs.org/config-sets/-/config-sets-3.0.0-beta.11.tgz",
      "integrity": "sha512-fTV2caGvZHXrdrQlnzlplb8ca/aUrkgaDobjfqtcXSZvR4p9VuKLZzzkIBQMG3XEkaCC1CinTiPLjgi2ctRNag==",
      "dependencies": {
        "data-context": "^2.0.0-beta.19"
      },
      "funding": {
        "url": "https://manuel-lohmus.github.io/config-sets/README.html#license"
      }
    },
    "node_modules/data-context": {
      "version": "2.0.0-beta.19",
      "resolved": "https://registry.npmjs.org/data-context/-/data-context-2.0.0-beta.19.tgz",
      "integrity": "sha512-ssPLXrfJpYpZhqxaBfOtei33DSvSqLgQtCqTv59lNbvz1xXk5f9Cvo0pAI2cT1UC7fT7H3XztrWNFhvBFXIfeA==",
      "funding": {
        "url": "https://manuel-lohmus.github.io/data-context/README.html#license"
      }
    },
    "node_modules/nodemailer": {
      "version": "6.10.1",
      "resolved": "https://registry.npmjs.org/nodemailer/-/nodemailer-6.10.1.tgz",
      "integrity": "sha512-Z+iLaBGVaSjbIzQ4pX6XV41HrooLsQ10ZWPUehGmuantvzWoDVBnmsdUcOIDM1t+yPor5pDhVlDESgOMEGxhHA==",
      "engines": {
        "node": ">=6.0.0"
      }
    },
    "node_modules/ws13": {
      "version": "1.0.8",
      "resolved": "https://registry.npmjs.org/ws13/-/ws13-1.0.8.tgz",
      "integrity": "sha512-U7pODbqa12B7hE99niiXTMoV/CbPMKmDlTH9n+MYXgomPK6/y9HxbPZFqiIN0qGVIz1iM7zj80ozlkIBTZmRIw==",
      "funding": {
        "url": "https://manuel-lohmus.github.io/ws13/README.html#license"
      }
    }
  }
}
