{
  "name": "ws-user",
  "version": "1.0.0-rc.1",
  "lockfileVersion": 3,
  "requires": true,
  "packages": {
    "": {
      "name": "ws-user",
      "version": "1.0.0-rc.1",
      "license": "MIT",
      "dependencies": {
        "config-sets": "^3.0.0-rc.1",
        "data-context": "^2.0.0-rc.1",
        "nodemailer": "^7.0.3",
        "ws13": "^1.0.9"
      },
      "funding": {
        "url": "https://manuel-lohmus.github.io/ws-user/README.html#license"
      }
    },
    "node_modules/config-sets": {
      "version": "3.0.0-rc.1",
      "resolved": "https://registry.npmjs.org/config-sets/-/config-sets-3.0.0-rc.1.tgz",
      "integrity": "sha512-nUOg4qQW186N6VcYSJUWB9CyC0er1q06XGvlI0JsAYpj5ZyTL1q0WujeUYwskQpTdEqtNd9IqxjvQ0SvDt8hEA==",
      "dependencies": {
        "data-context": "^2.0.0-rc.1"
      },
      "funding": {
        "url": "https://manuel-lohmus.github.io/config-sets/README.html#license"
      }
    },
    "node_modules/data-context": {
      "version": "2.0.0-rc.1",
      "resolved": "https://registry.npmjs.org/data-context/-/data-context-2.0.0-rc.1.tgz",
      "integrity": "sha512-kTb9yOb/UbWxlF1QUDNHmRQlsQYUzOIWDmDNHXVxW1eaErqgRASHEedLKICTD2GdOLjz+GbD8cUXUJR3VwnUyg==",
      "funding": {
        "url": "https://manuel-lohmus.github.io/data-context/README.html#license"
      }
    },
    "node_modules/nodemailer": {
      "version": "7.0.3",
      "resolved": "https://registry.npmjs.org/nodemailer/-/nodemailer-7.0.3.tgz",
      "integrity": "sha512-Ajq6Sz1x7cIK3pN6KesGTah+1gnwMnx5gKl3piQlQQE/PwyJ4Mbc8is2psWYxK3RJTVeqsDaCv8ZzXLCDHMTZw==",
      "engines": {
        "node": ">=6.0.0"
      }
    },
    "node_modules/ws13": {
      "version": "1.0.9",
      "resolved": "https://registry.npmjs.org/ws13/-/ws13-1.0.9.tgz",
      "integrity": "sha512-wTHR5+IwLK/715Wr/nGMlX5/GmIkcEIIvM+wczDwXr38ypcXoXabwHhlUZyM5aDPdGNzFfmWlJEqPYjtm0wWuA==",
      "funding": {
        "url": "https://manuel-lohmus.github.io/ws13/README.html#license"
      }
    }
  }
}
