{
  "name": "ws-user",
  "version": "1.0.0-beta.14",
  "lockfileVersion": 3,
  "requires": true,
  "packages": {
    "": {
      "name": "ws-user",
      "version": "1.0.0-beta.14",
      "license": "MIT",
      "dependencies": {
        "config-sets": "^3.0.0-beta.12",
        "data-context": "^2.0.0-beta.25",
        "nodemailer": "^7.0.3",
        "ws13": "^1.0.8"
      },
      "funding": {
        "url": "https://manuel-lohmus.github.io/ws-user/README.html#license"
      }
    },
    "node_modules/config-sets": {
      "version": "3.0.0-beta.12",
      "resolved": "https://registry.npmjs.org/config-sets/-/config-sets-3.0.0-beta.12.tgz",
      "integrity": "sha512-Sl3qJvuKqvZYsMGoyyhx/yOpxKnJ1GrB8VJu6hC6jonTgHhNF4KAb7fq+7s5Lz7bRG/Qw4G3TJ7pQe6TITgVlA==",
      "dependencies": {
        "data-context": "^2.0.0-beta.19"
      },
      "funding": {
        "url": "https://manuel-lohmus.github.io/config-sets/README.html#license"
      }
    },
    "node_modules/data-context": {
      "version": "2.0.0-beta.27",
      "resolved": "https://registry.npmjs.org/data-context/-/data-context-2.0.0-beta.27.tgz",
      "integrity": "sha512-qkec5rKi2ObVwtbLcO2hEqaYIan7/us7wYiPCfe291dyaUxsIGMzb+wzpo2bIMCpGWnRuSL3r8rbmmGJ9y4KDw==",
      "funding": {
        "url": "https://manuel-lohmus.github.io/data-context/README.html#license"
      }
    },
    "node_modules/nodemailer": {
      "version": "7.0.3",
      "resolved": "https://registry.npmjs.org/nodemailer/-/nodemailer-7.0.3.tgz",
      "integrity": "sha512-Ajq6Sz1x7cIK3pN6KesGTah+1gnwMnx5gKl3piQlQQE/PwyJ4Mbc8is2psWYxK3RJTVeqsDaCv8ZzXLCDHMTZw==",
      "engines": {
        "node": ">=6.0.0"
      }
    },
    "node_modules/ws13": {
      "version": "1.0.8",
      "resolved": "https://registry.npmjs.org/ws13/-/ws13-1.0.8.tgz",
      "integrity": "sha512-U7pODbqa12B7hE99niiXTMoV/CbPMKmDlTH9n+MYXgomPK6/y9HxbPZFqiIN0qGVIz1iM7zj80ozlkIBTZmRIw==",
      "funding": {
        "url": "https://manuel-lohmus.github.io/ws13/README.html#license"
      }
    }
  }
}
